// !$*UTF8*$!
{
	archiveVersion = 1;
	classes = {
	};
	objectVersion = 51;
	objects = {

/* Begin PBXBuildFile section */
		98CA6543FC39198CE796D285 /* Pods_myOwnTimer.framework in Frameworks */ = {isa = PBXBuildFile; fileRef = DF8FB63193F728058E468E6F /* Pods_myOwnTimer.framework */; };
		D48624FE25D9481E00733237 /* AppDelegate.swift in Sources */ = {isa = PBXBuildFile; fileRef = D48624FD25D9481E00733237 /* AppDelegate.swift */; };
		D486250025D9481E00733237 /* SceneDelegate.swift in Sources */ = {isa = PBXBuildFile; fileRef = D48624FF25D9481E00733237 /* SceneDelegate.swift */; };
		D486250525D9481E00733237 /* Main.storyboard in Resources */ = {isa = PBXBuildFile; fileRef = D486250325D9481E00733237 /* Main.storyboard */; };
		D486250725D9482200733237 /* Assets.xcassets in Resources */ = {isa = PBXBuildFile; fileRef = D486250625D9482200733237 /* Assets.xcassets */; };
		D486250A25D9482200733237 /* LaunchScreen.storyboard in Resources */ = {isa = PBXBuildFile; fileRef = D486250825D9482200733237 /* LaunchScreen.storyboard */; };
		D486251325D94C6F00733237 /* TimerTableViewCell.swift in Sources */ = {isa = PBXBuildFile; fileRef = D486251225D94C6F00733237 /* TimerTableViewCell.swift */; };
		D486251B25D94E8A00733237 /* TimerTableViewController.swift in Sources */ = {isa = PBXBuildFile; fileRef = D486251A25D94E8A00733237 /* TimerTableViewController.swift */; };
		D486252425D9537400733237 /* TimeSince.swift in Sources */ = {isa = PBXBuildFile; fileRef = D486252325D9537400733237 /* TimeSince.swift */; };
/* End PBXBuildFile section */

/* Begin PBXFileReference section */
		78341C3F2049909456011001 /* Pods-myOwnTimer.release.xcconfig */ = {isa = PBXFileReference; includeInIndex = 1; lastKnownFileType = text.xcconfig; name = "Pods-myOwnTimer.release.xcconfig"; path = "Target Support Files/Pods-myOwnTimer/Pods-myOwnTimer.release.xcconfig"; sourceTree = "<group>"; };
		D48624FA25D9481E00733237 /* myOwnTimer.app */ = {isa = PBXFileReference; explicitFileType = wrapper.application; includeInIndex = 0; path = myOwnTimer.app; sourceTree = BUILT_PRODUCTS_DIR; };
		D48624FD25D9481E00733237 /* AppDelegate.swift */ = {isa = PBXFileReference; lastKnownFileType = sourcecode.swift; path = AppDelegate.swift; sourceTree = "<group>"; };
		D48624FF25D9481E00733237 /* SceneDelegate.swift */ = {isa = PBXFileReference; lastKnownFileType = sourcecode.swift; path = SceneDelegate.swift; sourceTree = "<group>"; };
		D486250425D9481E00733237 /* Base */ = {isa = PBXFileReference; lastKnownFileType = file.storyboard; name = Base; path = Base.lproj/Main.storyboard; sourceTree = "<group>"; };
		D486250625D9482200733237 /* Assets.xcassets */ = {isa = PBXFileReference; lastKnownFileType = folder.assetcatalog; path = Assets.xcassets; sourceTree = "<group>"; };
		D486250925D9482200733237 /* Base */ = {isa = PBXFileReference; lastKnownFileType = file.storyboard; name = Base; path = Base.lproj/LaunchScreen.storyboard; sourceTree = "<group>"; };
		D486250B25D9482200733237 /* Info.plist */ = {isa = PBXFileReference; lastKnownFileType = text.plist.xml; path = Info.plist; sourceTree = "<group>"; };
		D486251225D94C6F00733237 /* TimerTableViewCell.swift */ = {isa = PBXFileReference; lastKnownFileType = sourcecode.swift; path = TimerTableViewCell.swift; sourceTree = "<group>"; };
		D486251A25D94E8A00733237 /* TimerTableViewController.swift */ = {isa = PBXFileReference; lastKnownFileType = sourcecode.swift; path = TimerTableViewController.swift; sourceTree = "<group>"; };
		D486252325D9537400733237 /* TimeSince.swift */ = {isa = PBXFileReference; lastKnownFileType = sourcecode.swift; path = TimeSince.swift; sourceTree = "<group>"; };
		DF8FB63193F728058E468E6F /* Pods_myOwnTimer.framework */ = {isa = PBXFileReference; explicitFileType = wrapper.framework; includeInIndex = 0; path = Pods_myOwnTimer.framework; sourceTree = BUILT_PRODUCTS_DIR; };
		F09D9E6A1032C17B02E200D6 /* Pods-myOwnTimer.debug.xcconfig */ = {isa = PBXFileReference; includeInIndex = 1; lastKnownFileType = text.xcconfig; name = "Pods-myOwnTimer.debug.xcconfig"; path = "Target Support Files/Pods-myOwnTimer/Pods-myOwnTimer.debug.xcconfig"; sourceTree = "<group>"; };
/* End PBXFileReference section */

/* Begin PBXFrameworksBuildPhase section */
		D48624F725D9481E00733237 /* Frameworks */ = {
			isa = PBXFrameworksBuildPhase;
			buildActionMask = 2147483647;
			files = (
				98CA6543FC39198CE796D285 /* Pods_myOwnTimer.framework in Frameworks */,
			);
			runOnlyForDeploymentPostprocessing = 0;
		};
/* End PBXFrameworksBuildPhase section */

/* Begin PBXGroup section */
		BEE6171E089CA6F05DDE6F1B /* Frameworks */ = {
			isa = PBXGroup;
			children = (
				DF8FB63193F728058E468E6F /* Pods_myOwnTimer.framework */,
			);
			name = Frameworks;
			sourceTree = "<group>";
		};
		D48624F125D9481E00733237 = {
			isa = PBXGroup;
			children = (
				D48624FC25D9481E00733237 /* myOwnTimer */,
				D48624FB25D9481E00733237 /* Products */,
				EE49FA6A7CBAC18588A8216D /* Pods */,
				BEE6171E089CA6F05DDE6F1B /* Frameworks */,
			);
			sourceTree = "<group>";
		};
		D48624FB25D9481E00733237 /* Products */ = {
			isa = PBXGroup;
			children = (
				D48624FA25D9481E00733237 /* myOwnTimer.app */,
			);
			name = Products;
			sourceTree = "<group>";
		};
		D48624FC25D9481E00733237 /* myOwnTimer */ = {
			isa = PBXGroup;
			children = (
				D48624FD25D9481E00733237 /* AppDelegate.swift */,
				D48624FF25D9481E00733237 /* SceneDelegate.swift */,
				D486250325D9481E00733237 /* Main.storyboard */,
				D486251A25D94E8A00733237 /* TimerTableViewController.swift */,
				D486251225D94C6F00733237 /* TimerTableViewCell.swift */,
				D486250625D9482200733237 /* Assets.xcassets */,
				D486250825D9482200733237 /* LaunchScreen.storyboard */,
				D486250B25D9482200733237 /* Info.plist */,
				D486252325D9537400733237 /* TimeSince.swift */,
			);
			path = myOwnTimer;
			sourceTree = "<group>";
		};
		EE49FA6A7CBAC18588A8216D /* Pods */ = {
			isa = PBXGroup;
			children = (
				F09D9E6A1032C17B02E200D6 /* Pods-myOwnTimer.debug.xcconfig */,
				78341C3F2049909456011001 /* Pods-myOwnTimer.release.xcconfig */,
			);
			path = Pods;
			sourceTree = "<group>";
		};
/* End PBXGroup section */

/* Begin PBXNativeTarget section */
		D48624F925D9481E00733237 /* myOwnTimer */ = {
			isa = PBXNativeTarget;
			buildConfigurationList = D486250E25D9482200733237 /* Build configuration list for PBXNativeTarget "myOwnTimer" */;
			buildPhases = (
				E9AA2A8D5B8445791EBB8F16 /* [CP] Check Pods Manifest.lock */,
				D48624F625D9481E00733237 /* Sources */,
				D48624F725D9481E00733237 /* Frameworks */,
				D48624F825D9481E00733237 /* Resources */,
				E1384CF27D8AEBD92CFB5C37 /* [CP] Embed Pods Frameworks */,
			);
			buildRules = (
			);
			dependencies = (
			);
			name = myOwnTimer;
			productName = myOwnTimer;
			productReference = D48624FA25D9481E00733237 /* myOwnTimer.app */;
			productType = "com.apple.product-type.application";
		};
/* End PBXNativeTarget section */

/* Begin PBXProject section */
		D48624F225D9481E00733237 /* Project object */ = {
			isa = PBXProject;
			attributes = {
				LastSwiftUpdateCheck = 1240;
				LastUpgradeCheck = 1240;
				TargetAttributes = {
					D48624F925D9481E00733237 = {
						CreatedOnToolsVersion = 12.4;
					};
				};
			};
			buildConfigurationList = D48624F525D9481E00733237 /* Build configuration list for PBXProject "myOwnTimer" */;
			compatibilityVersion = "Xcode 9.3";
			developmentRegion = en;
			hasScannedForEncodings = 0;
			knownRegions = (
				en,
				Base,
			);
			mainGroup = D48624F125D9481E00733237;
			productRefGroup = D48624FB25D9481E00733237 /* Products */;
			projectDirPath = "";
			projectRoot = "";
			targets = (
				D48624F925D9481E00733237 /* myOwnTimer */,
			);
		};
/* End PBXProject section */

/* Begin PBXResourcesBuildPhase section */
		D48624F825D9481E00733237 /* Resources */ = {
			isa = PBXResourcesBuildPhase;
			buildActionMask = 2147483647;
			files = (
				D486250A25D9482200733237 /* LaunchScreen.storyboard in Resources */,
				D486250725D9482200733237 /* Assets.xcassets in Resources */,
				D486250525D9481E00733237 /* Main.storyboard in Resources */,
			);
			runOnlyForDeploymentPostprocessing = 0;
		};
/* End PBXResourcesBuildPhase section */

/* Begin PBXShellScriptBuildPhase section */
		E1384CF27D8AEBD92CFB5C37 /* [CP] Embed Pods Frameworks */ = {
			isa = PBXShellScriptBuildPhase;
			buildActionMask = 2147483647;
			files = (
			);
			inputFileListPaths = (
				"${PODS_ROOT}/Target Support Files/Pods-myOwnTimer/Pods-myOwnTimer-frameworks-${CONFIGURATION}-input-files.xcfilelist",
			);
			name = "[CP] Embed Pods Frameworks";
			outputFileListPaths = (
				"${PODS_ROOT}/Target Support Files/Pods-myOwnTimer/Pods-myOwnTimer-frameworks-${CONFIGURATION}-output-files.xcfilelist",
			);
			runOnlyForDeploymentPostprocessing = 0;
			shellPath = /bin/sh;
			shellScript = "\"${PODS_ROOT}/Target Support Files/Pods-myOwnTimer/Pods-myOwnTimer-frameworks.sh\"\n";
			showEnvVarsInLog = 0;
		};
		E9AA2A8D5B8445791EBB8F16 /* [CP] Check Pods Manifest.lock */ = {
			isa = PBXShellScriptBuildPhase;
			buildActionMask = 2147483647;
			files = (
			);
			inputFileListPaths = (
			);
			inputPaths = (
				"${PODS_PODFILE_DIR_PATH}/Podfile.lock",
				"${PODS_ROOT}/Manifest.lock",
			);
			name = "[CP] Check Pods Manifest.lock";
			outputFileListPaths = (
			);
			outputPaths = (
				"$(DERIVED_FILE_DIR)/Pods-myOwnTimer-checkManifestLockResult.txt",
			);
			runOnlyForDeploymentPostprocessing = 0;
			shellPath = /bin/sh;
			shellScript = "diff \"${PODS_PODFILE_DIR_PATH}/Podfile.lock\" \"${PODS_ROOT}/Manifest.lock\" > /dev/null\nif [ $? != 0 ] ; then\n    # print error to STDERR\n    echo \"error: The sandbox is not in sync with the Podfile.lock. Run 'pod install' or update your CocoaPods installation.\" >&2\n    exit 1\nfi\n# This output is used by Xcode 'outputs' to avoid re-running this script phase.\necho \"SUCCESS\" > \"${SCRIPT_OUTPUT_FILE_0}\"\n";
			showEnvVarsInLog = 0;
		};
/* End PBXShellScriptBuildPhase section */

/* Begin PBXSourcesBuildPhase section */
		D48624F625D9481E00733237 /* Sources */ = {
			isa = PBXSourcesBuildPhase;
			buildActionMask = 2147483647;
			files = (
				D486252425D9537400733237 /* TimeSince.swift in Sources */,
				D48624FE25D9481E00733237 /* AppDelegate.swift in Sources */,
				D486251B25D94E8A00733237 /* TimerTableViewController.swift in Sources */,
				D486250025D9481E00733237 /* SceneDelegate.swift in Sources */,
				D486251325D94C6F00733237 /* TimerTableViewCell.swift in Sources */,
			);
			runOnlyForDeploymentPostprocessing = 0;
		};
/* End PBXSourcesBuildPhase section */

/* Begin PBXVariantGroup section */
		D486250325D9481E00733237 /* Main.storyboard */ = {
			isa = PBXVariantGroup;
			children = (
				D486250425D9481E00733237 /* Base */,
			);
			name = Main.storyboard;
			sourceTree = "<group>";
		};
		D486250825D9482200733237 /* LaunchScreen.storyboard */ = {
			isa = PBXVariantGroup;
			children = (
				D486250925D9482200733237 /* Base */,
			);
			name = LaunchScreen.storyboard;
			sourceTree = "<group>";
		};
/* End PBXVariantGroup section */

/* Begin XCBuildConfiguration section */
		D486250C25D9482200733237 /* Debug */ = {
			isa = XCBuildConfiguration;
			buildSettings = {
				ALWAYS_SEARCH_USER_PATHS = NO;
				CLANG_ANALYZER_NONNULL = YES;
				CLANG_ANALYZER_NUMBER_OBJECT_CONVERSION = YES_AGGRESSIVE;
				CLANG_CXX_LANGUAGE_STANDARD = "gnu++14";
				CLANG_CXX_LIBRARY = "libc++";
				CLANG_ENABLE_MODULES = YES;
				CLANG_ENABLE_OBJC_ARC = YES;
				CLANG_ENABLE_OBJC_WEAK = YES;
				CLANG_WARN_BLOCK_CAPTURE_AUTORELEASING = YES;
				CLANG_WARN_BOOL_CONVERSION = YES;
				CLANG_WARN_COMMA = YES;
				CLANG_WARN_CONSTANT_CONVERSION = YES;
				CLANG_WARN_DEPRECATED_OBJC_IMPLEMENTATIONS = YES;
				CLANG_WARN_DIRECT_OBJC_ISA_USAGE = YES_ERROR;
				CLANG_WARN_DOCUMENTATION_COMMENTS = YES;
				CLANG_WARN_EMPTY_BODY = YES;
				CLANG_WARN_ENUM_CONVERSION = YES;
				CLANG_WARN_INFINITE_RECURSION = YES;
				CLANG_WARN_INT_CONVERSION = YES;
				CLANG_WARN_NON_LITERAL_NULL_CONVERSION = YES;
				CLANG_WARN_OBJC_IMPLICIT_RETAIN_SELF = YES;
				CLANG_WARN_OBJC_LITERAL_CONVERSION = YES;
				CLANG_WARN_OBJC_ROOT_CLASS = YES_ERROR;
				CLANG_WARN_QUOTED_INCLUDE_IN_FRAMEWORK_HEADER = YES;
				CLANG_WARN_RANGE_LOOP_ANALYSIS = YES;
				CLANG_WARN_STRICT_PROTOTYPES = YES;
				CLANG_WARN_SUSPICIOUS_MOVE = YES;
				CLANG_WARN_UNGUARDED_AVAILABILITY = YES_AGGRESSIVE;
				CLANG_WARN_UNREACHABLE_CODE = YES;
				CLANG_WARN__DUPLICATE_METHOD_MATCH = YES;
				COPY_PHASE_STRIP = NO;
				DEBUG_INFORMATION_FORMAT = dwarf;
				ENABLE_STRICT_OBJC_MSGSEND = YES;
				ENABLE_TESTABILITY = YES;
				GCC_C_LANGUAGE_STANDARD = gnu11;
				GCC_DYNAMIC_NO_PIC = NO;
				GCC_NO_COMMON_BLOCKS = YES;
				GCC_OPTIMIZATION_LEVEL = 0;
				GCC_PREPROCESSOR_DEFINITIONS = (
					"DEBUG=1",
					"$(inherited)",
				);
				GCC_WARN_64_TO_32_BIT_CONVERSION = YES;
				GCC_WARN_ABOUT_RETURN_TYPE = YES_ERROR;
				GCC_WARN_UNDECLARED_SELECTOR = YES;
				GCC_WARN_UNINITIALIZED_AUTOS = YES_AGGRESSIVE;
				GCC_WARN_UNUSED_FUNCTION = YES;
				GCC_WARN_UNUSED_VARIABLE = YES;
				IPHONEOS_DEPLOYMENT_TARGET = 14.4;
				MTL_ENABLE_DEBUG_INFO = INCLUDE_SOURCE;
				MTL_FAST_MATH = YES;
				ONLY_ACTIVE_ARCH = YES;
				SDKROOT = iphoneos;
				SWIFT_ACTIVE_COMPILATION_CONDITIONS = DEBUG;
				SWIFT_OPTIMIZATION_LEVEL = "-Onone";
			};
			name = Debug;
		};
		D486250D25D9482200733237 /* Release */ = {
			isa = XCBuildConfiguration;
			buildSettings = {
				ALWAYS_SEARCH_USER_PATHS = NO;
				CLANG_ANALYZER_NONNULL = YES;
				CLANG_ANALYZER_NUMBER_OBJECT_CONVERSION = YES_AGGRESSIVE;
				CLANG_CXX_LANGUAGE_STANDARD = "gnu++14";
				CLANG_CXX_LIBRARY = "libc++";
				CLANG_ENABLE_MODULES = YES;
				CLANG_ENABLE_OBJC_ARC = YES;
				CLANG_ENABLE_OBJC_WEAK = YES;
				CLANG_WARN_BLOCK_CAPTURE_AUTORELEASING = YES;
				CLANG_WARN_BOOL_CONVERSION = YES;
				CLANG_WARN_COMMA = YES;
				CLANG_WARN_CONSTANT_CONVERSION = YES;
				CLANG_WARN_DEPRECATED_OBJC_IMPLEMENTATIONS = YES;
				CLANG_WARN_DIRECT_OBJC_ISA_USAGE = YES_ERROR;
				CLANG_WARN_DOCUMENTATION_COMMENTS = YES;
				CLANG_WARN_EMPTY_BODY = YES;
				CLANG_WARN_ENUM_CONVERSION = YES;
				CLANG_WARN_INFINITE_RECURSION = YES;
				CLANG_WARN_INT_CONVERSION = YES;
				CLANG_WARN_NON_LITERAL_NULL_CONVERSION = YES;
				CLANG_WARN_OBJC_IMPLICIT_RETAIN_SELF = YES;
				CLANG_WARN_OBJC_LITERAL_CONVERSION = YES;
				CLANG_WARN_OBJC_ROOT_CLASS = YES_ERROR;
				CLANG_WARN_QUOTED_INCLUDE_IN_FRAMEWORK_HEADER = YES;
				CLANG_WARN_RANGE_LOOP_ANALYSIS = YES;
				CLANG_WARN_STRICT_PROTOTYPES = YES;
				CLANG_WARN_SUSPICIOUS_MOVE = YES;
				CLANG_WARN_UNGUARDED_AVAILABILITY = YES_AGGRESSIVE;
				CLANG_WARN_UNREACHABLE_CODE = YES;
				CLANG_WARN__DUPLICATE_METHOD_MATCH = YES;
				COPY_PHASE_STRIP = NO;
				DEBUG_INFORMATION_FORMAT = "dwarf-with-dsym";
				ENABLE_NS_ASSERTIONS = NO;
				ENABLE_STRICT_OBJC_MSGSEND = YES;
				GCC_C_LANGUAGE_STANDARD = gnu11;
				GCC_NO_COMMON_BLOCKS = YES;
				GCC_WARN_64_TO_32_BIT_CONVERSION = YES;
				GCC_WARN_ABOUT_RETURN_TYPE = YES_ERROR;
				GCC_WARN_UNDECLARED_SELECTOR = YES;
				GCC_WARN_UNINITIALIZED_AUTOS = YES_AGGRESSIVE;
				GCC_WARN_UNUSED_FUNCTION = YES;
				GCC_WARN_UNUSED_VARIABLE = YES;
				IPHONEOS_DEPLOYMENT_TARGET = 14.4;
				MTL_ENABLE_DEBUG_INFO = NO;
				MTL_FAST_MATH = YES;
				SDKROOT = iphoneos;
				SWIFT_COMPILATION_MODE = wholemodule;
				SWIFT_OPTIMIZATION_LEVEL = "-O";
				VALIDATE_PRODUCT = YES;
			};
			name = Release;
		};
		D486250F25D9482200733237 /* Debug */ = {
			isa = XCBuildConfiguration;
			baseConfigurationReference = F09D9E6A1032C17B02E200D6 /* Pods-myOwnTimer.debug.xcconfig */;
			buildSettings = {
				ASSETCATALOG_COMPILER_APPICON_NAME = AppIcon;
				ASSETCATALOG_COMPILER_GLOBAL_ACCENT_COLOR_NAME = AccentColor;
				CODE_SIGN_STYLE = Automatic;
				DEVELOPMENT_TEAM = 6372HGMF4H;
				INFOPLIST_FILE = myOwnTimer/Info.plist;
				LD_RUNPATH_SEARCH_PATHS = (
					"$(inherited)",
					"@executable_path/Frameworks",
				);
				PRODUCT_BUNDLE_IDENTIFIER = stonybrook.myOwnTimer;
				PRODUCT_NAME = "$(TARGET_NAME)";
				SWIFT_VERSION = 5.0;
				TARGETED_DEVICE_FAMILY = "1,2";
			};
			name = Debug;
		};
		D486251025D9482200733237 /* Release */ = {
			isa = XCBuildConfiguration;
			baseConfigurationReference = 78341C3F2049909456011001 /* Pods-myOwnTimer.release.xcconfig */;
			buildSettings = {
				ASSETCATALOG_COMPILER_APPICON_NAME = AppIcon;
				ASSETCATALOG_COMPILER_GLOBAL_ACCENT_COLOR_NAME = AccentColor;
				CODE_SIGN_STYLE = Automatic;
				DEVELOPMENT_TEAM = 6372HGMF4H;
				INFOPLIST_FILE = myOwnTimer/Info.plist;
				LD_RUNPATH_SEARCH_PATHS = (
					"$(inherited)",
					"@executable_path/Frameworks",
				);
				PRODUCT_BUNDLE_IDENTIFIER = stonybrook.myOwnTimer;
				PRODUCT_NAME = "$(TARGET_NAME)";
				SWIFT_VERSION = 5.0;
				TARGETED_DEVICE_FAMILY = "1,2";
			};
			name = Release;
		};
/* End XCBuildConfiguration section */

/* Begin XCConfigurationList section */
		D48624F525D9481E00733237 /* Build configuration list for PBXProject "myOwnTimer" */ = {
			isa = XCConfigurationList;
			buildConfigurations = (
				D486250C25D9482200733237 /* Debug */,
				D486250D25D9482200733237 /* Release */,
			);
			defaultConfigurationIsVisible = 0;
			defaultConfigurationName = Release;
		};
		D486250E25D9482200733237 /* Build configuration list for PBXNativeTarget "myOwnTimer" */ = {
			isa = XCConfigurationList;
			buildConfigurations = (
				D486250F25D9482200733237 /* Debug */,
				D486251025D9482200733237 /* Release */,
			);
			defaultConfigurationIsVisible = 0;
			defaultConfigurationName = Release;
		};
/* End XCConfigurationList section */
	};
	rootObject = D48624F225D9481E00733237 /* Project object */;
}
